
Microsoft Visual Studio Solution File, Format Version 12.00
# Visual Studio Version 17
VisualStudioVersion = 17.0.31903.59
MinimumVisualStudioVersion = 10.0.40219.1
Project("{2150E333-8FDC-42A3-9474-1A3956D46DE8}") = "src", "src", "{827E0CD3-B72D-47B6-A68D-7590B98EB39B}"
EndProject
Project("{FAE04EC0-301F-11D3-BF4B-00C04F79EFBC}") = "BancaAPI.Domain", "src\BancaAPI.Domain\BancaAPI.Domain.csproj", "{6C494CC2-A4FC-43BC-BE1B-FB8ED9FC6474}"
EndProject
Project("{FAE04EC0-301F-11D3-BF4B-00C04F79EFBC}") = "BancaAPI.Application", "src\BancaAPI.Application\BancaAPI.Application.csproj", "{EF5A5CC7-1BAC-4B4D-BD4F-1AADBDAC4A10}"
EndProject
Project("{FAE04EC0-301F-11D3-BF4B-00C04F79EFBC}") = "BancaAPI.Infrastructure", "src\BancaAPI.Infrastructure\BancaAPI.Infrastructure.csproj", "{9990DB8F-456C-4F04-B89D-93D95A0DC08D}"
EndProject
Project("{FAE04EC0-301F-11D3-BF4B-00C04F79EFBC}") = "BancaAPI.API", "src\BancaAPI.API\BancaAPI.API.csproj", "{FB32A7D6-258E-4C00-8F8C-F98ACCAF5265}"
EndProject
Project("{2150E333-8FDC-42A3-9474-1A3956D46DE8}") = "tests", "tests", "{0AB3BF05-4346-4AA6-1389-037BE0695223}"
EndProject
Project("{FAE04EC0-301F-11D3-BF4B-00C04F79EFBC}") = "BancaAPI.Tests", "tests\BancaAPI.Tests\BancaAPI.Tests.csproj", "{98F2BD33-B932-4044-A861-15B04FB74B50}"
EndProject
Global
	GlobalSection(SolutionConfigurationPlatforms) = preSolution
		Debug|Any CPU = Debug|Any CPU
		Debug|x64 = Debug|x64
		Debug|x86 = Debug|x86
		Release|Any CPU = Release|Any CPU
		Release|x64 = Release|x64
		Release|x86 = Release|x86
	EndGlobalSection
	GlobalSection(ProjectConfigurationPlatforms) = postSolution
		{6C494CC2-A4FC-43BC-BE1B-FB8ED9FC6474}.Debug|Any CPU.ActiveCfg = Debug|Any CPU
		{6C494CC2-A4FC-43BC-BE1B-FB8ED9FC6474}.Debug|Any CPU.Build.0 = Debug|Any CPU
		{6C494CC2-A4FC-43BC-BE1B-FB8ED9FC6474}.Debug|x64.ActiveCfg = Debug|Any CPU
		{6C494CC2-A4FC-43BC-BE1B-FB8ED9FC6474}.Debug|x64.Build.0 = Debug|Any CPU
		{6C494CC2-A4FC-43BC-BE1B-FB8ED9FC6474}.Debug|x86.ActiveCfg = Debug|Any CPU
		{6C494CC2-A4FC-43BC-BE1B-FB8ED9FC6474}.Debug|x86.Build.0 = Debug|Any CPU
		{6C494CC2-A4FC-43BC-BE1B-FB8ED9FC6474}.Release|Any CPU.ActiveCfg = Release|Any CPU
		{6C494CC2-A4FC-43BC-BE1B-FB8ED9FC6474}.Release|Any CPU.Build.0 = Release|Any CPU
		{6C494CC2-A4FC-43BC-BE1B-FB8ED9FC6474}.Release|x64.ActiveCfg = Release|Any CPU
		{6C494CC2-A4FC-43BC-BE1B-FB8ED9FC6474}.Release|x64.Build.0 = Release|Any CPU
		{6C494CC2-A4FC-43BC-BE1B-FB8ED9FC6474}.Release|x86.ActiveCfg = Release|Any CPU
		{6C494CC2-A4FC-43BC-BE1B-FB8ED9FC6474}.Release|x86.Build.0 = Release|Any CPU
		{EF5A5CC7-1BAC-4B4D-BD4F-1AADBDAC4A10}.Debug|Any CPU.ActiveCfg = Debug|Any CPU
		{EF5A5CC7-1BAC-4B4D-BD4F-1AADBDAC4A10}.Debug|Any CPU.Build.0 = Debug|Any CPU
		{EF5A5CC7-1BAC-4B4D-BD4F-1AADBDAC4A10}.Debug|x64.ActiveCfg = Debug|Any CPU
		{EF5A5CC7-1BAC-4B4D-BD4F-1AADBDAC4A10}.Debug|x64.Build.0 = Debug|Any CPU
		{EF5A5CC7-1BAC-4B4D-BD4F-1AADBDAC4A10}.Debug|x86.ActiveCfg = Debug|Any CPU
		{EF5A5CC7-1BAC-4B4D-BD4F-1AADBDAC4A10}.Debug|x86.Build.0 = Debug|Any CPU
		{EF5A5CC7-1BAC-4B4D-BD4F-1AADBDAC4A10}.Release|Any CPU.ActiveCfg = Release|Any CPU
		{EF5A5CC7-1BAC-4B4D-BD4F-1AADBDAC4A10}.Release|Any CPU.Build.0 = Release|Any CPU
		{EF5A5CC7-1BAC-4B4D-BD4F-1AADBDAC4A10}.Release|x64.ActiveCfg = Release|Any CPU
		{EF5A5CC7-1BAC-4B4D-BD4F-1AADBDAC4A10}.Release|x64.Build.0 = Release|Any CPU
		{EF5A5CC7-1BAC-4B4D-BD4F-1AADBDAC4A10}.Release|x86.ActiveCfg = Release|Any CPU
		{EF5A5CC7-1BAC-4B4D-BD4F-1AADBDAC4A10}.Release|x86.Build.0 = Release|Any CPU
		{9990DB8F-456C-4F04-B89D-93D95A0DC08D}.Debug|Any CPU.ActiveCfg = Debug|Any CPU
		{9990DB8F-456C-4F04-B89D-93D95A0DC08D}.Debug|Any CPU.Build.0 = Debug|Any CPU
		{9990DB8F-456C-4F04-B89D-93D95A0DC08D}.Debug|x64.ActiveCfg = Debug|Any CPU
		{9990DB8F-456C-4F04-B89D-93D95A0DC08D}.Debug|x64.Build.0 = Debug|Any CPU
		{9990DB8F-456C-4F04-B89D-93D95A0DC08D}.Debug|x86.ActiveCfg = Debug|Any CPU
		{9990DB8F-456C-4F04-B89D-93D95A0DC08D}.Debug|x86.Build.0 = Debug|Any CPU
		{9990DB8F-456C-4F04-B89D-93D95A0DC08D}.Release|Any CPU.ActiveCfg = Release|Any CPU
		{9990DB8F-456C-4F04-B89D-93D95A0DC08D}.Release|Any CPU.Build.0 = Release|Any CPU
		{9990DB8F-456C-4F04-B89D-93D95A0DC08D}.Release|x64.ActiveCfg = Release|Any CPU
		{9990DB8F-456C-4F04-B89D-93D95A0DC08D}.Release|x64.Build.0 = Release|Any CPU
		{9990DB8F-456C-4F04-B89D-93D95A0DC08D}.Release|x86.ActiveCfg = Release|Any CPU
		{9990DB8F-456C-4F04-B89D-93D95A0DC08D}.Release|x86.Build.0 = Release|Any CPU
		{FB32A7D6-258E-4C00-8F8C-F98ACCAF5265}.Debug|Any CPU.ActiveCfg = Debug|Any CPU
		{FB32A7D6-258E-4C00-8F8C-F98ACCAF5265}.Debug|Any CPU.Build.0 = Debug|Any CPU
		{FB32A7D6-258E-4C00-8F8C-F98ACCAF5265}.Debug|x64.ActiveCfg = Debug|Any CPU
		{FB32A7D6-258E-4C00-8F8C-F98ACCAF5265}.Debug|x64.Build.0 = Debug|Any CPU
		{FB32A7D6-258E-4C00-8F8C-F98ACCAF5265}.Debug|x86.ActiveCfg = Debug|Any CPU
		{FB32A7D6-258E-4C00-8F8C-F98ACCAF5265}.Debug|x86.Build.0 = Debug|Any CPU
		{FB32A7D6-258E-4C00-8F8C-F98ACCAF5265}.Release|Any CPU.ActiveCfg = Release|Any CPU
		{FB32A7D6-258E-4C00-8F8C-F98ACCAF5265}.Release|Any CPU.Build.0 = Release|Any CPU
		{FB32A7D6-258E-4C00-8F8C-F98ACCAF5265}.Release|x64.ActiveCfg = Release|Any CPU
		{FB32A7D6-258E-4C00-8F8C-F98ACCAF5265}.Release|x64.Build.0 = Release|Any CPU
		{FB32A7D6-258E-4C00-8F8C-F98ACCAF5265}.Release|x86.ActiveCfg = Release|Any CPU
		{FB32A7D6-258E-4C00-8F8C-F98ACCAF5265}.Release|x86.Build.0 = Release|Any CPU
		{98F2BD33-B932-4044-A861-15B04FB74B50}.Debug|Any CPU.ActiveCfg = Debug|Any CPU
		{98F2BD33-B932-4044-A861-15B04FB74B50}.Debug|Any CPU.Build.0 = Debug|Any CPU
		{98F2BD33-B932-4044-A861-15B04FB74B50}.Debug|x64.ActiveCfg = Debug|Any CPU
		{98F2BD33-B932-4044-A861-15B04FB74B50}.Debug|x64.Build.0 = Debug|Any CPU
		{98F2BD33-B932-4044-A861-15B04FB74B50}.Debug|x86.ActiveCfg = Debug|Any CPU
		{98F2BD33-B932-4044-A861-15B04FB74B50}.Debug|x86.Build.0 = Debug|Any CPU
		{98F2BD33-B932-4044-A861-15B04FB74B50}.Release|Any CPU.ActiveCfg = Release|Any CPU
		{98F2BD33-B932-4044-A861-15B04FB74B50}.Release|Any CPU.Build.0 = Release|Any CPU
		{98F2BD33-B932-4044-A861-15B04FB74B50}.Release|x64.ActiveCfg = Release|Any CPU
		{98F2BD33-B932-4044-A861-15B04FB74B50}.Release|x64.Build.0 = Release|Any CPU
		{98F2BD33-B932-4044-A861-15B04FB74B50}.Release|x86.ActiveCfg = Release|Any CPU
		{98F2BD33-B932-4044-A861-15B04FB74B50}.Release|x86.Build.0 = Release|Any CPU
	EndGlobalSection
	GlobalSection(SolutionProperties) = preSolution
		HideSolutionNode = FALSE
	EndGlobalSection
	GlobalSection(NestedProjects) = preSolution
		{6C494CC2-A4FC-43BC-BE1B-FB8ED9FC6474} = {827E0CD3-B72D-47B6-A68D-7590B98EB39B}
		{EF5A5CC7-1BAC-4B4D-BD4F-1AADBDAC4A10} = {827E0CD3-B72D-47B6-A68D-7590B98EB39B}
		{9990DB8F-456C-4F04-B89D-93D95A0DC08D} = {827E0CD3-B72D-47B6-A68D-7590B98EB39B}
		{FB32A7D6-258E-4C00-8F8C-F98ACCAF5265} = {827E0CD3-B72D-47B6-A68D-7590B98EB39B}
		{98F2BD33-B932-4044-A861-15B04FB74B50} = {0AB3BF05-4346-4AA6-1389-037BE0695223}
	EndGlobalSection
	GlobalSection(ExtensibilityGlobals) = postSolution
		SolutionGuid = {E24D4F51-43DB-4C82-8D4B-7E8E64841721}
	EndGlobalSection
EndGlobal
